
Microsoft Visual Studio Solution File, Format Version 12.00
# Visual Studio Version 16
VisualStudioVersion = 16.0.32002.261
MinimumVisualStudioVersion = 10.0.40219.1
Project("{FAE04EC0-301F-11D3-BF4B-00C04F79EFBC}") = "AnyTimeDoctor", "AnyTimeDoctor\AnyTimeDoctor.csproj", "{BB0B84ED-B819-41E4-BC45-874E8DD30F15}"
EndProject
Project("{2150E333-8FDC-42A3-9474-1A3956D46DE8}") = "DAL", "DAL", "{AECD0EFD-9F46-4BB2-924E-51D1D857FE40}"
	ProjectSection(SolutionItems) = preProject
		ATDoctor.cs = ATDoctor.cs
	EndProjectSection
EndProject
Global
	GlobalSection(SolutionConfigurationPlatforms) = preSolution
		Debug|Any CPU = Debug|Any CPU
		Release|Any CPU = Release|Any CPU
	EndGlobalSection
	GlobalSection(ProjectConfigurationPlatforms) = postSolution
		{BB0B84ED-B819-41E4-BC45-874E8DD30F15}.Debug|Any CPU.ActiveCfg = Debug|Any CPU
		{BB0B84ED-B819-41E4-BC45-874E8DD30F15}.Debug|Any CPU.Build.0 = Debug|Any CPU
		{BB0B84ED-B819-41E4-BC45-874E8DD30F15}.Release|Any CPU.ActiveCfg = Release|Any CPU
		{BB0B84ED-B819-41E4-BC45-874E8DD30F15}.Release|Any CPU.Build.0 = Release|Any CPU
	EndGlobalSection
	GlobalSection(SolutionProperties) = preSolution
		HideSolutionNode = FALSE
	EndGlobalSection
	GlobalSection(ExtensibilityGlobals) = postSolution
		SolutionGuid = {FFE01FA0-5057-44A8-9C2B-81F0743CFEC0}
	EndGlobalSection
EndGlobal
